// !$*UTF8*$!
{
	archiveVersion = 1;
	classes = {
	};
	objectVersion = 51;
	objects = {

/* Begin PBXBuildFile section */
		0653F7FFEC043BB0B18A83A6 /* AccountTabView.swift in Sources */ = {isa = PBXBuildFile; fileRef = B9FDE66E195F85909EDC2CAD /* AccountTabView.swift */; };
		1737CE1B220B6700036EAA32 /* PostingRow.swift in Sources */ = {isa = PBXBuildFile; fileRef = 9346ECCE4F824C83DB9D59F7 /* PostingRow.swift */; };
		22DC3E2A9BA29F68A475763C /* PostTabView.swift in Sources */ = {isa = PBXBuildFile; fileRef = 459AD0E4D9A008772C9651F9 /* PostTabView.swift */; };
		298E672183BB6802DE063536 /* PostingDetailView.swift in Sources */ = {isa = PBXBuildFile; fileRef = 904303D6ACA2E791C6AFC92F /* PostingDetailView.swift */; };
		40F966370542F87CC4BB877E /* ApiService.swift in Sources */ = {isa = PBXBuildFile; fileRef = 0B45D662A527DC6E31490411 /* ApiService.swift */; };
		59169E7E44F680D95B2E98F8 /* Credentials.swift in Sources */ = {isa = PBXBuildFile; fileRef = 78AF9D11A45114E363872CA6 /* Credentials.swift */; };
		5A2DD2978CD212C16F462E14 /* Posting.swift in Sources */ = {isa = PBXBuildFile; fileRef = 28C8E4E446CA81987775996B /* Posting.swift */; };
		5D713FEC4419306966950714 /* AccountTabViewModel.swift in Sources */ = {isa = PBXBuildFile; fileRef = 1935494A65DFC17197645F48 /* AccountTabViewModel.swift */; };
		831BEA667FAC04F508073EF6 /* LoginViewModel.swift in Sources */ = {isa = PBXBuildFile; fileRef = CCDB1D491BEAF0606A632552 /* LoginViewModel.swift */; };
		9864790EA97BB091538765C2 /* ChecklistTabView.swift in Sources */ = {isa = PBXBuildFile; fileRef = 1FD690416F3FFEE4C572B680 /* ChecklistTabView.swift */; };
		997A1ABEDACB4C794EF30051 /* HousePartyApp.swift in Sources */ = {isa = PBXBuildFile; fileRef = 57B5148EE84DF8B9FEABC8EB /* HousePartyApp.swift */; };
		A0B8A2731AE9F498CAD38F06 /* PostViewModel.swift~HEAD in Resources */ = {isa = PBXBuildFile; fileRef = B00C3454B401AD2B6D0ED024 /* PostViewModel.swift~HEAD */; };
		A5B4BDD8538AE740FCBF78D7 /* AuthenticationService.swift in Sources */ = {isa = PBXBuildFile; fileRef = A4388E9606F077B7BE6D298D /* AuthenticationService.swift */; };
		A7694B1FD978E043FA833A8A /* User.swift in Sources */ = {isa = PBXBuildFile; fileRef = 7AA6EE2E938B5520B890893F /* User.swift */; };
		AB8CAA35131A46F78225EA2B /* Assets.xcassets in Resources */ = {isa = PBXBuildFile; fileRef = 8FB5B82413EE3A52FB08D163 /* Assets.xcassets */; };
		AF25504465BC6ECC4542BD01 /* PostViewModel.swift~main in Resources */ = {isa = PBXBuildFile; fileRef = 7D7859F8550292DB1F3AD6FD /* PostViewModel.swift~main */; };
		C062A6E08DEECE1864FBBECE /* LiveView.swift in Sources */ = {isa = PBXBuildFile; fileRef = B1882B0D226114BDF787C4B2 /* LiveView.swift */; };
		C6C8E87D12F7F28ED101B93D /* CheclistViewModel.swift in Sources */ = {isa = PBXBuildFile; fileRef = 80526FE816A8C4B7A93E7F46 /* CheclistViewModel.swift */; };
		CB40B51D7B7190B3E48E2577 /* LoginView.swift in Sources */ = {isa = PBXBuildFile; fileRef = 5C5F144FD5A9F39352D6945E /* LoginView.swift */; };
		CBBCCEBB498A4802F1F7CA36 /* PostingDetailViewModel.swift in Sources */ = {isa = PBXBuildFile; fileRef = E32210B511EC11F76CD98120 /* PostingDetailViewModel.swift */; };
		DF95C5EC18C22E22A9FCA947 /* LaunchScreen.storyboard in Resources */ = {isa = PBXBuildFile; fileRef = 26B520A1294AD6157E304BC5 /* LaunchScreen.storyboard */; };
		E4F26C705885A75FB2C32311 /* Preview Assets.xcassets in Resources */ = {isa = PBXBuildFile; fileRef = 84116033009259A549FDBBCF /* Preview Assets.xcassets */; };
		E643973F1202A058B95338CD /* CreatePostTabView.swift in Sources */ = {isa = PBXBuildFile; fileRef = 9B78FE1CDF35318324537C91 /* CreatePostTabView.swift */; };
		F57F7F54047FA70246183BC2 /* CreatePostView.swift in Sources */ = {isa = PBXBuildFile; fileRef = A5B2859CB6C0FA5E9169CBDB /* CreatePostView.swift */; };
		F9302FC60673B4E50AE9178B /* CreatePostViewModel.swift in Sources */ = {isa = PBXBuildFile; fileRef = 13BCC39881CB7C311B20846E /* CreatePostViewModel.swift */; };
		FC6C385F80E6726A2F60AD5C /* PostViewModel.swift in Sources */ = {isa = PBXBuildFile; fileRef = F965AFDD4FFFDF78D731CD08 /* PostViewModel.swift */; };
		FF2F79EA9BAF5185993BE3B7 /* ScheduleTabView.swift in Sources */ = {isa = PBXBuildFile; fileRef = 853499E8916F66D22505D807 /* ScheduleTabView.swift */; };
/* End PBXBuildFile section */

/* Begin PBXFileReference section */
		0B45D662A527DC6E31490411 /* ApiService.swift */ = {isa = PBXFileReference; lastKnownFileType = sourcecode.swift; path = ApiService.swift; sourceTree = "<group>"; };
		13BCC39881CB7C311B20846E /* CreatePostViewModel.swift */ = {isa = PBXFileReference; lastKnownFileType = sourcecode.swift; path = CreatePostViewModel.swift; sourceTree = "<group>"; };
		1935494A65DFC17197645F48 /* AccountTabViewModel.swift */ = {isa = PBXFileReference; lastKnownFileType = sourcecode.swift; path = AccountTabViewModel.swift; sourceTree = "<group>"; };
		1FD690416F3FFEE4C572B680 /* ChecklistTabView.swift */ = {isa = PBXFileReference; lastKnownFileType = sourcecode.swift; path = ChecklistTabView.swift; sourceTree = "<group>"; };
		26B520A1294AD6157E304BC5 /* LaunchScreen.storyboard */ = {isa = PBXFileReference; lastKnownFileType = file.storyboard; path = LaunchScreen.storyboard; sourceTree = "<group>"; };
		28C8E4E446CA81987775996B /* Posting.swift */ = {isa = PBXFileReference; lastKnownFileType = sourcecode.swift; path = Posting.swift; sourceTree = "<group>"; };
		459AD0E4D9A008772C9651F9 /* PostTabView.swift */ = {isa = PBXFileReference; lastKnownFileType = sourcecode.swift; path = PostTabView.swift; sourceTree = "<group>"; };
		57B5148EE84DF8B9FEABC8EB /* HousePartyApp.swift */ = {isa = PBXFileReference; lastKnownFileType = sourcecode.swift; path = HousePartyApp.swift; sourceTree = "<group>"; };
		5C5F144FD5A9F39352D6945E /* LoginView.swift */ = {isa = PBXFileReference; lastKnownFileType = sourcecode.swift; path = LoginView.swift; sourceTree = "<group>"; };
		6557E953C8EA546965EC7E93 /* HouseParty.app */ = {isa = PBXFileReference; includeInIndex = 0; lastKnownFileType = wrapper.application; path = HouseParty.app; sourceTree = BUILT_PRODUCTS_DIR; };
		78AF9D11A45114E363872CA6 /* Credentials.swift */ = {isa = PBXFileReference; lastKnownFileType = sourcecode.swift; path = Credentials.swift; sourceTree = "<group>"; };
		7AA6EE2E938B5520B890893F /* User.swift */ = {isa = PBXFileReference; lastKnownFileType = sourcecode.swift; path = User.swift; sourceTree = "<group>"; };
		7D7859F8550292DB1F3AD6FD /* PostViewModel.swift~main */ = {isa = PBXFileReference; path = "PostViewModel.swift~main"; sourceTree = "<group>"; };
		80526FE816A8C4B7A93E7F46 /* CheclistViewModel.swift */ = {isa = PBXFileReference; lastKnownFileType = sourcecode.swift; path = CheclistViewModel.swift; sourceTree = "<group>"; };
		84116033009259A549FDBBCF /* Preview Assets.xcassets */ = {isa = PBXFileReference; lastKnownFileType = folder.assetcatalog; path = "Preview Assets.xcassets"; sourceTree = "<group>"; };
		853499E8916F66D22505D807 /* ScheduleTabView.swift */ = {isa = PBXFileReference; lastKnownFileType = sourcecode.swift; path = ScheduleTabView.swift; sourceTree = "<group>"; };
		8FB5B82413EE3A52FB08D163 /* Assets.xcassets */ = {isa = PBXFileReference; lastKnownFileType = folder.assetcatalog; path = Assets.xcassets; sourceTree = "<group>"; };
		904303D6ACA2E791C6AFC92F /* PostingDetailView.swift */ = {isa = PBXFileReference; lastKnownFileType = sourcecode.swift; path = PostingDetailView.swift; sourceTree = "<group>"; };
		9346ECCE4F824C83DB9D59F7 /* PostingRow.swift */ = {isa = PBXFileReference; lastKnownFileType = sourcecode.swift; path = PostingRow.swift; sourceTree = "<group>"; };
		9B78FE1CDF35318324537C91 /* CreatePostTabView.swift */ = {isa = PBXFileReference; lastKnownFileType = sourcecode.swift; path = CreatePostTabView.swift; sourceTree = "<group>"; };
		A4388E9606F077B7BE6D298D /* AuthenticationService.swift */ = {isa = PBXFileReference; lastKnownFileType = sourcecode.swift; path = AuthenticationService.swift; sourceTree = "<group>"; };
		A5B2859CB6C0FA5E9169CBDB /* CreatePostView.swift */ = {isa = PBXFileReference; lastKnownFileType = sourcecode.swift; path = CreatePostView.swift; sourceTree = "<group>"; };
		B00C3454B401AD2B6D0ED024 /* PostViewModel.swift~HEAD */ = {isa = PBXFileReference; path = "PostViewModel.swift~HEAD"; sourceTree = "<group>"; };
		B1882B0D226114BDF787C4B2 /* LiveView.swift */ = {isa = PBXFileReference; lastKnownFileType = sourcecode.swift; path = LiveView.swift; sourceTree = "<group>"; };
		B9FDE66E195F85909EDC2CAD /* AccountTabView.swift */ = {isa = PBXFileReference; lastKnownFileType = sourcecode.swift; path = AccountTabView.swift; sourceTree = "<group>"; };
		CCDB1D491BEAF0606A632552 /* LoginViewModel.swift */ = {isa = PBXFileReference; lastKnownFileType = sourcecode.swift; path = LoginViewModel.swift; sourceTree = "<group>"; };
		E32210B511EC11F76CD98120 /* PostingDetailViewModel.swift */ = {isa = PBXFileReference; lastKnownFileType = sourcecode.swift; path = PostingDetailViewModel.swift; sourceTree = "<group>"; };
		F965AFDD4FFFDF78D731CD08 /* PostViewModel.swift */ = {isa = PBXFileReference; lastKnownFileType = sourcecode.swift; path = PostViewModel.swift; sourceTree = "<group>"; };
/* End PBXFileReference section */

/* Begin PBXGroup section */
		0049E49ACDDDADF0E90CCD56 /* Services */ = {
			isa = PBXGroup;
			children = (
				0B45D662A527DC6E31490411 /* ApiService.swift */,
			);
			path = Services;
			sourceTree = "<group>";
		};
		24EE99D27C01018BCAE83971 /* HouseParty */ = {
			isa = PBXGroup;
			children = (
				8FB5B82413EE3A52FB08D163 /* Assets.xcassets */,
				A4388E9606F077B7BE6D298D /* AuthenticationService.swift */,
				57B5148EE84DF8B9FEABC8EB /* HousePartyApp.swift */,
				B6A52C03115BCE8997864A64 /* Models */,
				F70C65610016D36909A65219 /* Preview Content */,
				0049E49ACDDDADF0E90CCD56 /* Services */,
				8E4D0BC0DC5C26FF93124111 /* Views */,
			);
			path = HouseParty;
			sourceTree = "<group>";
		};
		4384F1B2962357AFAD67142D = {
			isa = PBXGroup;
			children = (
				24EE99D27C01018BCAE83971 /* HouseParty */,
				81570286C31E6CCFD4D902F2 /* Products */,
			);
			sourceTree = "<group>";
		};
		81570286C31E6CCFD4D902F2 /* Products */ = {
			isa = PBXGroup;
			children = (
				6557E953C8EA546965EC7E93 /* HouseParty.app */,
			);
			name = Products;
			sourceTree = "<group>";
		};
		8E4D0BC0DC5C26FF93124111 /* Views */ = {
			isa = PBXGroup;
			children = (
				B9FDE66E195F85909EDC2CAD /* AccountTabView.swift */,
				1935494A65DFC17197645F48 /* AccountTabViewModel.swift */,
				1FD690416F3FFEE4C572B680 /* ChecklistTabView.swift */,
				80526FE816A8C4B7A93E7F46 /* CheclistViewModel.swift */,
				9B78FE1CDF35318324537C91 /* CreatePostTabView.swift */,
				A5B2859CB6C0FA5E9169CBDB /* CreatePostView.swift */,
				13BCC39881CB7C311B20846E /* CreatePostViewModel.swift */,
				26B520A1294AD6157E304BC5 /* LaunchScreen.storyboard */,
				B1882B0D226114BDF787C4B2 /* LiveView.swift */,
				5C5F144FD5A9F39352D6945E /* LoginView.swift */,
				CCDB1D491BEAF0606A632552 /* LoginViewModel.swift */,
				904303D6ACA2E791C6AFC92F /* PostingDetailView.swift */,
				E32210B511EC11F76CD98120 /* PostingDetailViewModel.swift */,
				9346ECCE4F824C83DB9D59F7 /* PostingRow.swift */,
				459AD0E4D9A008772C9651F9 /* PostTabView.swift */,
				F965AFDD4FFFDF78D731CD08 /* PostViewModel.swift */,
				B00C3454B401AD2B6D0ED024 /* PostViewModel.swift~HEAD */,
				7D7859F8550292DB1F3AD6FD /* PostViewModel.swift~main */,
				853499E8916F66D22505D807 /* ScheduleTabView.swift */,
			);
			path = Views;
			sourceTree = "<group>";
		};
		B6A52C03115BCE8997864A64 /* Models */ = {
			isa = PBXGroup;
			children = (
				78AF9D11A45114E363872CA6 /* Credentials.swift */,
				28C8E4E446CA81987775996B /* Posting.swift */,
				7AA6EE2E938B5520B890893F /* User.swift */,
			);
			path = Models;
			sourceTree = "<group>";
		};
		F70C65610016D36909A65219 /* Preview Content */ = {
			isa = PBXGroup;
			children = (
				84116033009259A549FDBBCF /* Preview Assets.xcassets */,
			);
			path = "Preview Content";
			sourceTree = "<group>";
		};
/* End PBXGroup section */

/* Begin PBXNativeTarget section */
		7D60E0FF31B2F438522F3D47 /* HouseParty */ = {
			isa = PBXNativeTarget;
			buildConfigurationList = 41AC00521DD893C4A2755EEF /* Build configuration list for PBXNativeTarget "HouseParty" */;
			buildPhases = (
				7BF72DE7B24EF230CA8BACA5 /* Sources */,
				429FC2FA517463ACE0B53E9B /* Resources */,
			);
			buildRules = (
			);
			dependencies = (
			);
			name = HouseParty;
			productName = HouseParty;
			productReference = 6557E953C8EA546965EC7E93 /* HouseParty.app */;
			productType = "com.apple.product-type.application";
		};
/* End PBXNativeTarget section */

/* Begin PBXProject section */
		8502F7D87DB8A8EF4A78F3AD /* Project object */ = {
			isa = PBXProject;
			attributes = {
				LastUpgradeCheck = 1200;
				TargetAttributes = {
				};
			};
			buildConfigurationList = 34F595C77AE698E917CEB4DE /* Build configuration list for PBXProject "HouseParty" */;
			compatibilityVersion = "Xcode 10.0";
			developmentRegion = en;
			hasScannedForEncodings = 0;
			knownRegions = (
				Base,
				en,
			);
			mainGroup = 4384F1B2962357AFAD67142D;
			projectDirPath = "";
			projectRoot = "";
			targets = (
				7D60E0FF31B2F438522F3D47 /* HouseParty */,
			);
		};
/* End PBXProject section */

/* Begin PBXResourcesBuildPhase section */
		429FC2FA517463ACE0B53E9B /* Resources */ = {
			isa = PBXResourcesBuildPhase;
			buildActionMask = 2147483647;
			files = (
				AB8CAA35131A46F78225EA2B /* Assets.xcassets in Resources */,
				DF95C5EC18C22E22A9FCA947 /* LaunchScreen.storyboard in Resources */,
				A0B8A2731AE9F498CAD38F06 /* PostViewModel.swift~HEAD in Resources */,
				AF25504465BC6ECC4542BD01 /* PostViewModel.swift~main in Resources */,
				E4F26C705885A75FB2C32311 /* Preview Assets.xcassets in Resources */,
			);
			runOnlyForDeploymentPostprocessing = 0;
		};
/* End PBXResourcesBuildPhase section */

/* Begin PBXSourcesBuildPhase section */
		7BF72DE7B24EF230CA8BACA5 /* Sources */ = {
			isa = PBXSourcesBuildPhase;
			buildActionMask = 2147483647;
			files = (
				0653F7FFEC043BB0B18A83A6 /* AccountTabView.swift in Sources */,
				5D713FEC4419306966950714 /* AccountTabViewModel.swift in Sources */,
				40F966370542F87CC4BB877E /* ApiService.swift in Sources */,
				A5B4BDD8538AE740FCBF78D7 /* AuthenticationService.swift in Sources */,
				9864790EA97BB091538765C2 /* ChecklistTabView.swift in Sources */,
				C6C8E87D12F7F28ED101B93D /* CheclistViewModel.swift in Sources */,
				E643973F1202A058B95338CD /* CreatePostTabView.swift in Sources */,
				F57F7F54047FA70246183BC2 /* CreatePostView.swift in Sources */,
				F9302FC60673B4E50AE9178B /* CreatePostViewModel.swift in Sources */,
				59169E7E44F680D95B2E98F8 /* Credentials.swift in Sources */,
				997A1ABEDACB4C794EF30051 /* HousePartyApp.swift in Sources */,
				C062A6E08DEECE1864FBBECE /* LiveView.swift in Sources */,
				CB40B51D7B7190B3E48E2577 /* LoginView.swift in Sources */,
				831BEA667FAC04F508073EF6 /* LoginViewModel.swift in Sources */,
				22DC3E2A9BA29F68A475763C /* PostTabView.swift in Sources */,
				FC6C385F80E6726A2F60AD5C /* PostViewModel.swift in Sources */,
				5A2DD2978CD212C16F462E14 /* Posting.swift in Sources */,
				298E672183BB6802DE063536 /* PostingDetailView.swift in Sources */,
				CBBCCEBB498A4802F1F7CA36 /* PostingDetailViewModel.swift in Sources */,
				1737CE1B220B6700036EAA32 /* PostingRow.swift in Sources */,
				FF2F79EA9BAF5185993BE3B7 /* ScheduleTabView.swift in Sources */,
				A7694B1FD978E043FA833A8A /* User.swift in Sources */,
			);
			runOnlyForDeploymentPostprocessing = 0;
		};
/* End PBXSourcesBuildPhase section */

/* Begin XCBuildConfiguration section */
		6DF7378BF5CB5EC5E58F7E8A /* Debug */ = {
			isa = XCBuildConfiguration;
			buildSettings = {
				ALWAYS_SEARCH_USER_PATHS = NO;
				CLANG_ANALYZER_NONNULL = YES;
				CLANG_ANALYZER_NUMBER_OBJECT_CONVERSION = YES_AGGRESSIVE;
				CLANG_CXX_LANGUAGE_STANDARD = "gnu++14";
				CLANG_CXX_LIBRARY = "libc++";
				CLANG_ENABLE_MODULES = YES;
				CLANG_ENABLE_OBJC_ARC = YES;
				CLANG_ENABLE_OBJC_WEAK = YES;
				CLANG_WARN_BLOCK_CAPTURE_AUTORELEASING = YES;
				CLANG_WARN_BOOL_CONVERSION = YES;
				CLANG_WARN_COMMA = YES;
				CLANG_WARN_CONSTANT_CONVERSION = YES;
				CLANG_WARN_DEPRECATED_OBJC_IMPLEMENTATIONS = YES;
				CLANG_WARN_DIRECT_OBJC_ISA_USAGE = YES_ERROR;
				CLANG_WARN_DOCUMENTATION_COMMENTS = YES;
				CLANG_WARN_EMPTY_BODY = YES;
				CLANG_WARN_ENUM_CONVERSION = YES;
				CLANG_WARN_INFINITE_RECURSION = YES;
				CLANG_WARN_INT_CONVERSION = YES;
				CLANG_WARN_NON_LITERAL_NULL_CONVERSION = YES;
				CLANG_WARN_OBJC_IMPLICIT_RETAIN_SELF = YES;
				CLANG_WARN_OBJC_LITERAL_CONVERSION = YES;
				CLANG_WARN_OBJC_ROOT_CLASS = YES_ERROR;
				CLANG_WARN_QUOTED_INCLUDE_IN_FRAMEWORK_HEADER = YES;
				CLANG_WARN_RANGE_LOOP_ANALYSIS = YES;
				CLANG_WARN_STRICT_PROTOTYPES = YES;
				CLANG_WARN_SUSPICIOUS_MOVE = YES;
				CLANG_WARN_UNGUARDED_AVAILABILITY = YES_AGGRESSIVE;
				CLANG_WARN_UNREACHABLE_CODE = YES;
				CLANG_WARN__DUPLICATE_METHOD_MATCH = YES;
				COPY_PHASE_STRIP = NO;
				DEBUG_INFORMATION_FORMAT = dwarf;
				ENABLE_STRICT_OBJC_MSGSEND = YES;
				ENABLE_TESTABILITY = YES;
				GCC_C_LANGUAGE_STANDARD = gnu11;
				GCC_DYNAMIC_NO_PIC = NO;
				GCC_NO_COMMON_BLOCKS = YES;
				GCC_OPTIMIZATION_LEVEL = 0;
				GCC_PREPROCESSOR_DEFINITIONS = (
					"$(inherited)",
					"DEBUG=1",
				);
				GCC_WARN_64_TO_32_BIT_CONVERSION = YES;
				GCC_WARN_ABOUT_RETURN_TYPE = YES_ERROR;
				GCC_WARN_UNDECLARED_SELECTOR = YES;
				GCC_WARN_UNINITIALIZED_AUTOS = YES_AGGRESSIVE;
				GCC_WARN_UNUSED_FUNCTION = YES;
				GCC_WARN_UNUSED_VARIABLE = YES;
				MTL_ENABLE_DEBUG_INFO = INCLUDE_SOURCE;
				MTL_FAST_MATH = YES;
				ONLY_ACTIVE_ARCH = YES;
				PRODUCT_NAME = "$(TARGET_NAME)";
				SDKROOT = iphoneos;
				SWIFT_ACTIVE_COMPILATION_CONDITIONS = DEBUG;
				SWIFT_OPTIMIZATION_LEVEL = "-Onone";
				SWIFT_VERSION = 5.0;
			};
			name = Debug;
		};
		D26C8C3AD4F6E629FF28535F /* Release */ = {
			isa = XCBuildConfiguration;
			buildSettings = {
				ASSETCATALOG_COMPILER_APPICON_NAME = AppIcon;
				CODE_SIGN_IDENTITY = "iPhone Developer";
				IPHONEOS_DEPLOYMENT_TARGET = 15.0;
				LD_RUNPATH_SEARCH_PATHS = (
					"$(inherited)",
					"@executable_path/Frameworks",
				);
				PRODUCT_BUNDLE_IDENTIFIER = com.myapp.HouseParty;
				SDKROOT = iphoneos;
				TARGETED_DEVICE_FAMILY = "1,2";
			};
			name = Release;
		};
		F3B482C819E30C402E014BEC /* Debug */ = {
			isa = XCBuildConfiguration;
			buildSettings = {
				ASSETCATALOG_COMPILER_APPICON_NAME = AppIcon;
				CODE_SIGN_IDENTITY = "iPhone Developer";
				IPHONEOS_DEPLOYMENT_TARGET = 15.0;
				LD_RUNPATH_SEARCH_PATHS = (
					"$(inherited)",
					"@executable_path/Frameworks",
				);
				PRODUCT_BUNDLE_IDENTIFIER = com.myapp.HouseParty;
				SDKROOT = iphoneos;
				TARGETED_DEVICE_FAMILY = "1,2";
			};
			name = Debug;
		};
		FF5C93E3B0D59B8873EF8942 /* Release */ = {
			isa = XCBuildConfiguration;
			buildSettings = {
				ALWAYS_SEARCH_USER_PATHS = NO;
				CLANG_ANALYZER_NONNULL = YES;
				CLANG_ANALYZER_NUMBER_OBJECT_CONVERSION = YES_AGGRESSIVE;
				CLANG_CXX_LANGUAGE_STANDARD = "gnu++14";
				CLANG_CXX_LIBRARY = "libc++";
				CLANG_ENABLE_MODULES = YES;
				CLANG_ENABLE_OBJC_ARC = YES;
				CLANG_ENABLE_OBJC_WEAK = YES;
				CLANG_WARN_BLOCK_CAPTURE_AUTORELEASING = YES;
				CLANG_WARN_BOOL_CONVERSION = YES;
				CLANG_WARN_COMMA = YES;
				CLANG_WARN_CONSTANT_CONVERSION = YES;
				CLANG_WARN_DEPRECATED_OBJC_IMPLEMENTATIONS = YES;
				CLANG_WARN_DIRECT_OBJC_ISA_USAGE = YES_ERROR;
				CLANG_WARN_DOCUMENTATION_COMMENTS = YES;
				CLANG_WARN_EMPTY_BODY = YES;
				CLANG_WARN_ENUM_CONVERSION = YES;
				CLANG_WARN_INFINITE_RECURSION = YES;
				CLANG_WARN_INT_CONVERSION = YES;
				CLANG_WARN_NON_LITERAL_NULL_CONVERSION = YES;
				CLANG_WARN_OBJC_IMPLICIT_RETAIN_SELF = YES;
				CLANG_WARN_OBJC_LITERAL_CONVERSION = YES;
				CLANG_WARN_OBJC_ROOT_CLASS = YES_ERROR;
				CLANG_WARN_QUOTED_INCLUDE_IN_FRAMEWORK_HEADER = YES;
				CLANG_WARN_RANGE_LOOP_ANALYSIS = YES;
				CLANG_WARN_STRICT_PROTOTYPES = YES;
				CLANG_WARN_SUSPICIOUS_MOVE = YES;
				CLANG_WARN_UNGUARDED_AVAILABILITY = YES_AGGRESSIVE;
				CLANG_WARN_UNREACHABLE_CODE = YES;
				CLANG_WARN__DUPLICATE_METHOD_MATCH = YES;
				COPY_PHASE_STRIP = NO;
				DEBUG_INFORMATION_FORMAT = "dwarf-with-dsym";
				ENABLE_NS_ASSERTIONS = NO;
				ENABLE_STRICT_OBJC_MSGSEND = YES;
				GCC_C_LANGUAGE_STANDARD = gnu11;
				GCC_NO_COMMON_BLOCKS = YES;
				GCC_WARN_64_TO_32_BIT_CONVERSION = YES;
				GCC_WARN_ABOUT_RETURN_TYPE = YES_ERROR;
				GCC_WARN_UNDECLARED_SELECTOR = YES;
				GCC_WARN_UNINITIALIZED_AUTOS = YES_AGGRESSIVE;
				GCC_WARN_UNUSED_FUNCTION = YES;
				GCC_WARN_UNUSED_VARIABLE = YES;
				MTL_ENABLE_DEBUG_INFO = NO;
				MTL_FAST_MATH = YES;
				PRODUCT_NAME = "$(TARGET_NAME)";
				SDKROOT = iphoneos;
				SWIFT_COMPILATION_MODE = wholemodule;
				SWIFT_OPTIMIZATION_LEVEL = "-O";
				SWIFT_VERSION = 5.0;
			};
			name = Release;
		};
/* End XCBuildConfiguration section */

/* Begin XCConfigurationList section */
		34F595C77AE698E917CEB4DE /* Build configuration list for PBXProject "HouseParty" */ = {
			isa = XCConfigurationList;
			buildConfigurations = (
				6DF7378BF5CB5EC5E58F7E8A /* Debug */,
				FF5C93E3B0D59B8873EF8942 /* Release */,
			);
			defaultConfigurationIsVisible = 0;
			defaultConfigurationName = Debug;
		};
		41AC00521DD893C4A2755EEF /* Build configuration list for PBXNativeTarget "HouseParty" */ = {
			isa = XCConfigurationList;
			buildConfigurations = (
				F3B482C819E30C402E014BEC /* Debug */,
				D26C8C3AD4F6E629FF28535F /* Release */,
			);
			defaultConfigurationIsVisible = 0;
			defaultConfigurationName = Debug;
		};
/* End XCConfigurationList section */
	};
	rootObject = 8502F7D87DB8A8EF4A78F3AD /* Project object */;
}
