// !$*UTF8*$!
{
	archiveVersion = 1;
	classes = {
	};
	objectVersion = 55;
	objects = {

/* Begin PBXBuildFile section */
		53102A5C2727BCFC0058E37A /* Posting.swift in Sources */ = {isa = PBXBuildFile; fileRef = 53102A5B2727BCFC0058E37A /* Posting.swift */; };
		53102A5F2727BD9D0058E37A /* PostingRow.swift in Sources */ = {isa = PBXBuildFile; fileRef = 53102A5E2727BD9D0058E37A /* PostingRow.swift */; };
		53102A622727D1900058E37A /* ApiService.swift in Sources */ = {isa = PBXBuildFile; fileRef = 53102A612727D1900058E37A /* ApiService.swift */; };
		53102A642727D6250058E37A /* ContentViewModel.swift in Sources */ = {isa = PBXBuildFile; fileRef = 53102A632727D6250058E37A /* ContentViewModel.swift */; };
		532611452736651A001F382D /* AccountTabViewModel.swift in Sources */ = {isa = PBXBuildFile; fileRef = 532611442736651A001F382D /* AccountTabViewModel.swift */; };
		53261147273666C8001F382D /* PostingDetailView.swift in Sources */ = {isa = PBXBuildFile; fileRef = 53261146273666C8001F382D /* PostingDetailView.swift */; };
		53261149273666DF001F382D /* PostingDetailViewModel.swift in Sources */ = {isa = PBXBuildFile; fileRef = 53261148273666DF001F382D /* PostingDetailViewModel.swift */; };
		537087A22734F457003A5EB7 /* User.swift in Sources */ = {isa = PBXBuildFile; fileRef = 537087A12734F457003A5EB7 /* User.swift */; };
		53C7A23F270988FA007DB2AE /* HousePartyApp.swift in Sources */ = {isa = PBXBuildFile; fileRef = 53C7A23E270988FA007DB2AE /* HousePartyApp.swift */; };
		53C7A241270988FA007DB2AE /* PostView.swift in Sources */ = {isa = PBXBuildFile; fileRef = 53C7A240270988FA007DB2AE /* PostView.swift */; };
		53C7A243270988FC007DB2AE /* Assets.xcassets in Resources */ = {isa = PBXBuildFile; fileRef = 53C7A242270988FC007DB2AE /* Assets.xcassets */; };
		53C7A246270988FC007DB2AE /* Preview Assets.xcassets in Resources */ = {isa = PBXBuildFile; fileRef = 53C7A245270988FC007DB2AE /* Preview Assets.xcassets */; };
		53C7A250270988FC007DB2AE /* HousePartyTests.swift in Sources */ = {isa = PBXBuildFile; fileRef = 53C7A24F270988FC007DB2AE /* HousePartyTests.swift */; };
		53C7A25A270988FC007DB2AE /* HousePartyUITests.swift in Sources */ = {isa = PBXBuildFile; fileRef = 53C7A259270988FC007DB2AE /* HousePartyUITests.swift */; };
		53C7A25C270988FC007DB2AE /* HousePartyUITestsLaunchTests.swift in Sources */ = {isa = PBXBuildFile; fileRef = 53C7A25B270988FC007DB2AE /* HousePartyUITestsLaunchTests.swift */; };
		63388A90272F4205009633ED /* Credentials.swift in Sources */ = {isa = PBXBuildFile; fileRef = 63388A8F272F4205009633ED /* Credentials.swift */; };
		63388A92272F43C1009633ED /* LoginViewModel.swift in Sources */ = {isa = PBXBuildFile; fileRef = 63388A91272F43C1009633ED /* LoginViewModel.swift */; };
		63388A94272F55E1009633ED /* LoginView.swift in Sources */ = {isa = PBXBuildFile; fileRef = 63388A93272F55E1009633ED /* LoginView.swift */; };
		63388A96272F5917009633ED /* AuthenticationService.swift in Sources */ = {isa = PBXBuildFile; fileRef = 63388A95272F5917009633ED /* AuthenticationService.swift */; };
		635F1DCA2724DBF800913339 /* ScheduleTabView.swift in Sources */ = {isa = PBXBuildFile; fileRef = 635F1DC92724DBF800913339 /* ScheduleTabView.swift */; };
		635F1DCC2724DE5D00913339 /* AccountTabView.swift in Sources */ = {isa = PBXBuildFile; fileRef = 635F1DCB2724DE5D00913339 /* AccountTabView.swift */; };
		635F1DCE2724E25100913339 /* ChecklistTabView.swift in Sources */ = {isa = PBXBuildFile; fileRef = 635F1DCD2724E25100913339 /* ChecklistTabView.swift */; };
		635F1DD02724E2D900913339 /* CreatePostTabView.swift in Sources */ = {isa = PBXBuildFile; fileRef = 635F1DCF2724E2D900913339 /* CreatePostTabView.swift */; };
		6380BA63272E82FA000505FC /* LaunchScreen.storyboard in Resources */ = {isa = PBXBuildFile; fileRef = 6380BA62272E82FA000505FC /* LaunchScreen.storyboard */; };
		63D8F97027351D3700A69103 /* CreatePostViewModel.swift in Sources */ = {isa = PBXBuildFile; fileRef = 63D8F96F27351D3700A69103 /* CreatePostViewModel.swift */; };
		63FAEF3327352958000EE4AA /* PostTabView.swift in Sources */ = {isa = PBXBuildFile; fileRef = 63FAEF3227352958000EE4AA /* PostTabView.swift */; };
		63FAEF3527352974000EE4AA /* PostViewModel.swift in Sources */ = {isa = PBXBuildFile; fileRef = 63FAEF3427352973000EE4AA /* PostViewModel.swift */; };
		63FAEF3727352A15000EE4AA /* CreatePostView.swift in Sources */ = {isa = PBXBuildFile; fileRef = 63FAEF3627352A15000EE4AA /* CreatePostView.swift */; };
/* End PBXBuildFile section */

/* Begin PBXContainerItemProxy section */
		53C7A24C270988FC007DB2AE /* PBXContainerItemProxy */ = {
			isa = PBXContainerItemProxy;
			containerPortal = 53C7A233270988FA007DB2AE /* Project object */;
			proxyType = 1;
			remoteGlobalIDString = 53C7A23A270988FA007DB2AE;
			remoteInfo = HouseParty;
		};
		53C7A256270988FC007DB2AE /* PBXContainerItemProxy */ = {
			isa = PBXContainerItemProxy;
			containerPortal = 53C7A233270988FA007DB2AE /* Project object */;
			proxyType = 1;
			remoteGlobalIDString = 53C7A23A270988FA007DB2AE;
			remoteInfo = HouseParty;
		};
/* End PBXContainerItemProxy section */

/* Begin PBXFileReference section */
		53102A5B2727BCFC0058E37A /* Posting.swift */ = {isa = PBXFileReference; lastKnownFileType = sourcecode.swift; path = Posting.swift; sourceTree = "<group>"; };
		53102A5E2727BD9D0058E37A /* PostingRow.swift */ = {isa = PBXFileReference; lastKnownFileType = sourcecode.swift; path = PostingRow.swift; sourceTree = "<group>"; };
		53102A612727D1900058E37A /* ApiService.swift */ = {isa = PBXFileReference; lastKnownFileType = sourcecode.swift; path = ApiService.swift; sourceTree = "<group>"; };
		53102A632727D6250058E37A /* PostViewModel.swift */ = {isa = PBXFileReference; lastKnownFileType = sourcecode.swift; path = PostViewModel.swift; sourceTree = "<group>"; };
		53102A652727EE860058E37A /* server */ = {isa = PBXFileReference; lastKnownFileType = folder; name = server; path = ../server; sourceTree = "<group>"; };
		532611442736651A001F382D /* AccountTabViewModel.swift */ = {isa = PBXFileReference; lastKnownFileType = sourcecode.swift; path = AccountTabViewModel.swift; sourceTree = "<group>"; };
		53261146273666C8001F382D /* PostingDetailView.swift */ = {isa = PBXFileReference; lastKnownFileType = sourcecode.swift; path = PostingDetailView.swift; sourceTree = "<group>"; };
		53261148273666DF001F382D /* PostingDetailViewModel.swift */ = {isa = PBXFileReference; lastKnownFileType = sourcecode.swift; path = PostingDetailViewModel.swift; sourceTree = "<group>"; };
		537087A12734F457003A5EB7 /* User.swift */ = {isa = PBXFileReference; lastKnownFileType = sourcecode.swift; path = User.swift; sourceTree = "<group>"; };
		53C7A23B270988FA007DB2AE /* HouseParty.app */ = {isa = PBXFileReference; explicitFileType = wrapper.application; includeInIndex = 0; path = HouseParty.app; sourceTree = BUILT_PRODUCTS_DIR; };
		53C7A23E270988FA007DB2AE /* HousePartyApp.swift */ = {isa = PBXFileReference; lastKnownFileType = sourcecode.swift; path = HousePartyApp.swift; sourceTree = "<group>"; };
		53C7A240270988FA007DB2AE /* PostView.swift */ = {isa = PBXFileReference; lastKnownFileType = sourcecode.swift; path = PostView.swift; sourceTree = "<group>"; };
		53C7A242270988FC007DB2AE /* Assets.xcassets */ = {isa = PBXFileReference; lastKnownFileType = folder.assetcatalog; path = Assets.xcassets; sourceTree = "<group>"; };
		53C7A245270988FC007DB2AE /* Preview Assets.xcassets */ = {isa = PBXFileReference; lastKnownFileType = folder.assetcatalog; path = "Preview Assets.xcassets"; sourceTree = "<group>"; };
		53C7A24B270988FC007DB2AE /* HousePartyTests.xctest */ = {isa = PBXFileReference; explicitFileType = wrapper.cfbundle; includeInIndex = 0; path = HousePartyTests.xctest; sourceTree = BUILT_PRODUCTS_DIR; };
		53C7A24F270988FC007DB2AE /* HousePartyTests.swift */ = {isa = PBXFileReference; lastKnownFileType = sourcecode.swift; path = HousePartyTests.swift; sourceTree = "<group>"; };
		53C7A255270988FC007DB2AE /* HousePartyUITests.xctest */ = {isa = PBXFileReference; explicitFileType = wrapper.cfbundle; includeInIndex = 0; path = HousePartyUITests.xctest; sourceTree = BUILT_PRODUCTS_DIR; };
		53C7A259270988FC007DB2AE /* HousePartyUITests.swift */ = {isa = PBXFileReference; lastKnownFileType = sourcecode.swift; path = HousePartyUITests.swift; sourceTree = "<group>"; };
		53C7A25B270988FC007DB2AE /* HousePartyUITestsLaunchTests.swift */ = {isa = PBXFileReference; lastKnownFileType = sourcecode.swift; path = HousePartyUITestsLaunchTests.swift; sourceTree = "<group>"; };
		63388A8F272F4205009633ED /* Credentials.swift */ = {isa = PBXFileReference; lastKnownFileType = sourcecode.swift; path = Credentials.swift; sourceTree = "<group>"; };
		63388A91272F43C1009633ED /* LoginViewModel.swift */ = {isa = PBXFileReference; lastKnownFileType = sourcecode.swift; path = LoginViewModel.swift; sourceTree = "<group>"; };
		63388A93272F55E1009633ED /* LoginView.swift */ = {isa = PBXFileReference; lastKnownFileType = sourcecode.swift; path = LoginView.swift; sourceTree = "<group>"; };
		63388A95272F5917009633ED /* AuthenticationService.swift */ = {isa = PBXFileReference; lastKnownFileType = sourcecode.swift; path = AuthenticationService.swift; sourceTree = "<group>"; };
		635F1DC92724DBF800913339 /* ScheduleTabView.swift */ = {isa = PBXFileReference; lastKnownFileType = sourcecode.swift; path = ScheduleTabView.swift; sourceTree = "<group>"; };
		635F1DCB2724DE5D00913339 /* AccountTabView.swift */ = {isa = PBXFileReference; lastKnownFileType = sourcecode.swift; path = AccountTabView.swift; sourceTree = "<group>"; };
		635F1DCD2724E25100913339 /* ChecklistTabView.swift */ = {isa = PBXFileReference; lastKnownFileType = sourcecode.swift; path = ChecklistTabView.swift; sourceTree = "<group>"; };
		635F1DCF2724E2D900913339 /* CreatePostTabView.swift */ = {isa = PBXFileReference; lastKnownFileType = sourcecode.swift; path = CreatePostTabView.swift; sourceTree = "<group>"; };
		6380BA62272E82FA000505FC /* LaunchScreen.storyboard */ = {isa = PBXFileReference; lastKnownFileType = file.storyboard; path = LaunchScreen.storyboard; sourceTree = "<group>"; };
		63D8F96F27351D3700A69103 /* CreatePostViewModel.swift */ = {isa = PBXFileReference; lastKnownFileType = sourcecode.swift; path = CreatePostViewModel.swift; sourceTree = "<group>"; };
		63FAEF3227352958000EE4AA /* PostTabView.swift */ = {isa = PBXFileReference; lastKnownFileType = sourcecode.swift; path = PostTabView.swift; sourceTree = "<group>"; };
		63FAEF3427352973000EE4AA /* PostViewModel.swift */ = {isa = PBXFileReference; lastKnownFileType = sourcecode.swift; path = PostViewModel.swift; sourceTree = "<group>"; };
		63FAEF3627352A15000EE4AA /* CreatePostView.swift */ = {isa = PBXFileReference; lastKnownFileType = sourcecode.swift; path = CreatePostView.swift; sourceTree = "<group>"; };
/* End PBXFileReference section */

/* Begin PBXFrameworksBuildPhase section */
		53C7A238270988FA007DB2AE /* Frameworks */ = {
			isa = PBXFrameworksBuildPhase;
			buildActionMask = 2147483647;
			files = (
			);
			runOnlyForDeploymentPostprocessing = 0;
		};
		53C7A248270988FC007DB2AE /* Frameworks */ = {
			isa = PBXFrameworksBuildPhase;
			buildActionMask = 2147483647;
			files = (
			);
			runOnlyForDeploymentPostprocessing = 0;
		};
		53C7A252270988FC007DB2AE /* Frameworks */ = {
			isa = PBXFrameworksBuildPhase;
			buildActionMask = 2147483647;
			files = (
			);
			runOnlyForDeploymentPostprocessing = 0;
		};
/* End PBXFrameworksBuildPhase section */

/* Begin PBXGroup section */
		53102A5A2727BCDF0058E37A /* Models */ = {
			isa = PBXGroup;
			children = (
				53102A5B2727BCFC0058E37A /* Posting.swift */,
				63388A8F272F4205009633ED /* Credentials.swift */,
				537087A12734F457003A5EB7 /* User.swift */,
			);
			path = Models;
			sourceTree = "<group>";
		};
		53102A5D2727BD620058E37A /* Views */ = {
			isa = PBXGroup;
			children = (
				635F1DC92724DBF800913339 /* ScheduleTabView.swift */,
				635F1DCB2724DE5D00913339 /* AccountTabView.swift */,
				532611442736651A001F382D /* AccountTabViewModel.swift */,
				53C7A240270988FA007DB2AE /* ContentView.swift */,
				635F1DCD2724E25100913339 /* ChecklistTabView.swift */,
				63FAEF3627352A15000EE4AA /* CreatePostView.swift */,
				63388A93272F55E1009633ED /* LoginView.swift */,
				53102A5E2727BD9D0058E37A /* PostingRow.swift */,
				635F1DCF2724E2D900913339 /* CreatePostTabView.swift */,
				63FAEF3227352958000EE4AA /* PostTabView.swift */,
				53102A632727D6250058E37A /* ContentViewModel.swift */,
				63D8F96F27351D3700A69103 /* CreatePostViewModel.swift */,
				63388A91272F43C1009633ED /* LoginViewModel.swift */,
				63FAEF3427352973000EE4AA /* PostViewModel.swift */,
				6380BA62272E82FA000505FC /* LaunchScreen.storyboard */,
				53261146273666C8001F382D /* PostingDetailView.swift */,
				53261148273666DF001F382D /* PostingDetailViewModel.swift */,
			);
			path = Views;
			sourceTree = "<group>";
		};
		53102A602727D1840058E37A /* Services */ = {
			isa = PBXGroup;
			children = (
				53102A612727D1900058E37A /* ApiService.swift */,
			);
			path = Services;
			sourceTree = "<group>";
		};
		53C7A232270988FA007DB2AE = {
			isa = PBXGroup;
			children = (
				53102A652727EE860058E37A /* server */,
				53C7A23D270988FA007DB2AE /* HouseParty */,
				53C7A24E270988FC007DB2AE /* HousePartyTests */,
				53C7A258270988FC007DB2AE /* HousePartyUITests */,
				53C7A23C270988FA007DB2AE /* Products */,
			);
			sourceTree = "<group>";
		};
		53C7A23C270988FA007DB2AE /* Products */ = {
			isa = PBXGroup;
			children = (
				53C7A23B270988FA007DB2AE /* HouseParty.app */,
				53C7A24B270988FC007DB2AE /* HousePartyTests.xctest */,
				53C7A255270988FC007DB2AE /* HousePartyUITests.xctest */,
			);
			name = Products;
			sourceTree = "<group>";
		};
		53C7A23D270988FA007DB2AE /* HouseParty */ = {
			isa = PBXGroup;
			children = (
				53102A602727D1840058E37A /* Services */,
				53102A5D2727BD620058E37A /* Views */,
				53102A5A2727BCDF0058E37A /* Models */,
				53C7A23E270988FA007DB2AE /* HousePartyApp.swift */,
				63388A95272F5917009633ED /* AuthenticationService.swift */,
				53C7A242270988FC007DB2AE /* Assets.xcassets */,
				53C7A244270988FC007DB2AE /* Preview Content */,
			);
			path = HouseParty;
			sourceTree = "<group>";
		};
		53C7A244270988FC007DB2AE /* Preview Content */ = {
			isa = PBXGroup;
			children = (
				53C7A245270988FC007DB2AE /* Preview Assets.xcassets */,
			);
			path = "Preview Content";
			sourceTree = "<group>";
		};
		53C7A24E270988FC007DB2AE /* HousePartyTests */ = {
			isa = PBXGroup;
			children = (
				53C7A24F270988FC007DB2AE /* HousePartyTests.swift */,
			);
			path = HousePartyTests;
			sourceTree = "<group>";
		};
		53C7A258270988FC007DB2AE /* HousePartyUITests */ = {
			isa = PBXGroup;
			children = (
				53C7A259270988FC007DB2AE /* HousePartyUITests.swift */,
				53C7A25B270988FC007DB2AE /* HousePartyUITestsLaunchTests.swift */,
			);
			path = HousePartyUITests;
			sourceTree = "<group>";
		};
/* End PBXGroup section */

/* Begin PBXNativeTarget section */
		53C7A23A270988FA007DB2AE /* HouseParty */ = {
			isa = PBXNativeTarget;
			buildConfigurationList = 53C7A25F270988FC007DB2AE /* Build configuration list for PBXNativeTarget "HouseParty" */;
			buildPhases = (
				53C7A237270988FA007DB2AE /* Sources */,
				53C7A238270988FA007DB2AE /* Frameworks */,
				53C7A239270988FA007DB2AE /* Resources */,
			);
			buildRules = (
			);
			dependencies = (
			);
			name = HouseParty;
			productName = HouseParty;
			productReference = 53C7A23B270988FA007DB2AE /* HouseParty.app */;
			productType = "com.apple.product-type.application";
		};
		53C7A24A270988FC007DB2AE /* HousePartyTests */ = {
			isa = PBXNativeTarget;
			buildConfigurationList = 53C7A262270988FC007DB2AE /* Build configuration list for PBXNativeTarget "HousePartyTests" */;
			buildPhases = (
				53C7A247270988FC007DB2AE /* Sources */,
				53C7A248270988FC007DB2AE /* Frameworks */,
				53C7A249270988FC007DB2AE /* Resources */,
			);
			buildRules = (
			);
			dependencies = (
				53C7A24D270988FC007DB2AE /* PBXTargetDependency */,
			);
			name = HousePartyTests;
			productName = HousePartyTests;
			productReference = 53C7A24B270988FC007DB2AE /* HousePartyTests.xctest */;
			productType = "com.apple.product-type.bundle.unit-test";
		};
		53C7A254270988FC007DB2AE /* HousePartyUITests */ = {
			isa = PBXNativeTarget;
			buildConfigurationList = 53C7A265270988FC007DB2AE /* Build configuration list for PBXNativeTarget "HousePartyUITests" */;
			buildPhases = (
				53C7A251270988FC007DB2AE /* Sources */,
				53C7A252270988FC007DB2AE /* Frameworks */,
				53C7A253270988FC007DB2AE /* Resources */,
			);
			buildRules = (
			);
			dependencies = (
				53C7A257270988FC007DB2AE /* PBXTargetDependency */,
			);
			name = HousePartyUITests;
			productName = HousePartyUITests;
			productReference = 53C7A255270988FC007DB2AE /* HousePartyUITests.xctest */;
			productType = "com.apple.product-type.bundle.ui-testing";
		};
/* End PBXNativeTarget section */

/* Begin PBXProject section */
		53C7A233270988FA007DB2AE /* Project object */ = {
			isa = PBXProject;
			attributes = {
				BuildIndependentTargetsInParallel = 1;
				LastSwiftUpdateCheck = 1300;
				LastUpgradeCheck = 1300;
				TargetAttributes = {
					53C7A23A270988FA007DB2AE = {
						CreatedOnToolsVersion = 13.0;
					};
					53C7A24A270988FC007DB2AE = {
						CreatedOnToolsVersion = 13.0;
						TestTargetID = 53C7A23A270988FA007DB2AE;
					};
					53C7A254270988FC007DB2AE = {
						CreatedOnToolsVersion = 13.0;
						TestTargetID = 53C7A23A270988FA007DB2AE;
					};
				};
			};
			buildConfigurationList = 53C7A236270988FA007DB2AE /* Build configuration list for PBXProject "HouseParty" */;
			compatibilityVersion = "Xcode 13.0";
			developmentRegion = en;
			hasScannedForEncodings = 0;
			knownRegions = (
				en,
				Base,
			);
			mainGroup = 53C7A232270988FA007DB2AE;
			productRefGroup = 53C7A23C270988FA007DB2AE /* Products */;
			projectDirPath = "";
			projectRoot = "";
			targets = (
				53C7A23A270988FA007DB2AE /* HouseParty */,
				53C7A24A270988FC007DB2AE /* HousePartyTests */,
				53C7A254270988FC007DB2AE /* HousePartyUITests */,
			);
		};
/* End PBXProject section */

/* Begin PBXResourcesBuildPhase section */
		53C7A239270988FA007DB2AE /* Resources */ = {
			isa = PBXResourcesBuildPhase;
			buildActionMask = 2147483647;
			files = (
				6380BA63272E82FA000505FC /* LaunchScreen.storyboard in Resources */,
				53C7A246270988FC007DB2AE /* Preview Assets.xcassets in Resources */,
				53C7A243270988FC007DB2AE /* Assets.xcassets in Resources */,
			);
			runOnlyForDeploymentPostprocessing = 0;
		};
		53C7A249270988FC007DB2AE /* Resources */ = {
			isa = PBXResourcesBuildPhase;
			buildActionMask = 2147483647;
			files = (
			);
			runOnlyForDeploymentPostprocessing = 0;
		};
		53C7A253270988FC007DB2AE /* Resources */ = {
			isa = PBXResourcesBuildPhase;
			buildActionMask = 2147483647;
			files = (
			);
			runOnlyForDeploymentPostprocessing = 0;
		};
/* End PBXResourcesBuildPhase section */

/* Begin PBXSourcesBuildPhase section */
		53C7A237270988FA007DB2AE /* Sources */ = {
			isa = PBXSourcesBuildPhase;
			buildActionMask = 2147483647;
			files = (
				53261149273666DF001F382D /* PostingDetailViewModel.swift in Sources */,
				63FAEF3727352A15000EE4AA /* CreatePostView.swift in Sources */,
				635F1DCC2724DE5D00913339 /* AccountTabView.swift in Sources */,
				635F1DCE2724E25100913339 /* ChecklistTabView.swift in Sources */,
				53C7A241270988FA007DB2AE /* ContentView.swift in Sources */,
				635F1DCA2724DBF800913339 /* ScheduleTabView.swift in Sources */,
				53102A5C2727BCFC0058E37A /* Posting.swift in Sources */,
				53102A5F2727BD9D0058E37A /* PostingRow.swift in Sources */,
				63FAEF3527352974000EE4AA /* PostViewModel.swift in Sources */,
				63388A90272F4205009633ED /* Credentials.swift in Sources */,
				63388A92272F43C1009633ED /* LoginViewModel.swift in Sources */,
				537087A22734F457003A5EB7 /* User.swift in Sources */,
				63FAEF3327352958000EE4AA /* PostTabView.swift in Sources */,
				63388A96272F5917009633ED /* AuthenticationService.swift in Sources */,
				63388A94272F55E1009633ED /* LoginView.swift in Sources */,
				63D8F97027351D3700A69103 /* CreatePostViewModel.swift in Sources */,
				53102A622727D1900058E37A /* ApiService.swift in Sources */,
				532611452736651A001F382D /* AccountTabViewModel.swift in Sources */,
				53102A642727D6250058E37A /* ContentViewModel.swift in Sources */,
				53261147273666C8001F382D /* PostingDetailView.swift in Sources */,
				635F1DD02724E2D900913339 /* CreatePostTabView.swift in Sources */,
				53C7A23F270988FA007DB2AE /* HousePartyApp.swift in Sources */,
			);
			runOnlyForDeploymentPostprocessing = 0;
		};
		53C7A247270988FC007DB2AE /* Sources */ = {
			isa = PBXSourcesBuildPhase;
			buildActionMask = 2147483647;
			files = (
				53C7A250270988FC007DB2AE /* HousePartyTests.swift in Sources */,
			);
			runOnlyForDeploymentPostprocessing = 0;
		};
		53C7A251270988FC007DB2AE /* Sources */ = {
			isa = PBXSourcesBuildPhase;
			buildActionMask = 2147483647;
			files = (
				53C7A25C270988FC007DB2AE /* HousePartyUITestsLaunchTests.swift in Sources */,
				53C7A25A270988FC007DB2AE /* HousePartyUITests.swift in Sources */,
			);
			runOnlyForDeploymentPostprocessing = 0;
		};
/* End PBXSourcesBuildPhase section */

/* Begin PBXTargetDependency section */
		53C7A24D270988FC007DB2AE /* PBXTargetDependency */ = {
			isa = PBXTargetDependency;
			target = 53C7A23A270988FA007DB2AE /* HouseParty */;
			targetProxy = 53C7A24C270988FC007DB2AE /* PBXContainerItemProxy */;
		};
		53C7A257270988FC007DB2AE /* PBXTargetDependency */ = {
			isa = PBXTargetDependency;
			target = 53C7A23A270988FA007DB2AE /* HouseParty */;
			targetProxy = 53C7A256270988FC007DB2AE /* PBXContainerItemProxy */;
		};
/* End PBXTargetDependency section */

/* Begin XCBuildConfiguration section */
		53C7A25D270988FC007DB2AE /* Debug */ = {
			isa = XCBuildConfiguration;
			buildSettings = {
				ALWAYS_SEARCH_USER_PATHS = NO;
				CLANG_ANALYZER_NONNULL = YES;
				CLANG_ANALYZER_NUMBER_OBJECT_CONVERSION = YES_AGGRESSIVE;
				CLANG_CXX_LANGUAGE_STANDARD = "gnu++17";
				CLANG_CXX_LIBRARY = "libc++";
				CLANG_ENABLE_MODULES = YES;
				CLANG_ENABLE_OBJC_ARC = YES;
				CLANG_ENABLE_OBJC_WEAK = YES;
				CLANG_WARN_BLOCK_CAPTURE_AUTORELEASING = YES;
				CLANG_WARN_BOOL_CONVERSION = YES;
				CLANG_WARN_COMMA = YES;
				CLANG_WARN_CONSTANT_CONVERSION = YES;
				CLANG_WARN_DEPRECATED_OBJC_IMPLEMENTATIONS = YES;
				CLANG_WARN_DIRECT_OBJC_ISA_USAGE = YES_ERROR;
				CLANG_WARN_DOCUMENTATION_COMMENTS = YES;
				CLANG_WARN_EMPTY_BODY = YES;
				CLANG_WARN_ENUM_CONVERSION = YES;
				CLANG_WARN_INFINITE_RECURSION = YES;
				CLANG_WARN_INT_CONVERSION = YES;
				CLANG_WARN_NON_LITERAL_NULL_CONVERSION = YES;
				CLANG_WARN_OBJC_IMPLICIT_RETAIN_SELF = YES;
				CLANG_WARN_OBJC_LITERAL_CONVERSION = YES;
				CLANG_WARN_OBJC_ROOT_CLASS = YES_ERROR;
				CLANG_WARN_QUOTED_INCLUDE_IN_FRAMEWORK_HEADER = YES;
				CLANG_WARN_RANGE_LOOP_ANALYSIS = YES;
				CLANG_WARN_STRICT_PROTOTYPES = YES;
				CLANG_WARN_SUSPICIOUS_MOVE = YES;
				CLANG_WARN_UNGUARDED_AVAILABILITY = YES_AGGRESSIVE;
				CLANG_WARN_UNREACHABLE_CODE = YES;
				CLANG_WARN__DUPLICATE_METHOD_MATCH = YES;
				COPY_PHASE_STRIP = NO;
				DEBUG_INFORMATION_FORMAT = dwarf;
				ENABLE_STRICT_OBJC_MSGSEND = YES;
				ENABLE_TESTABILITY = YES;
				GCC_C_LANGUAGE_STANDARD = gnu11;
				GCC_DYNAMIC_NO_PIC = NO;
				GCC_NO_COMMON_BLOCKS = YES;
				GCC_OPTIMIZATION_LEVEL = 0;
				GCC_PREPROCESSOR_DEFINITIONS = (
					"DEBUG=1",
					"$(inherited)",
				);
				GCC_WARN_64_TO_32_BIT_CONVERSION = YES;
				GCC_WARN_ABOUT_RETURN_TYPE = YES_ERROR;
				GCC_WARN_UNDECLARED_SELECTOR = YES;
				GCC_WARN_UNINITIALIZED_AUTOS = YES_AGGRESSIVE;
				GCC_WARN_UNUSED_FUNCTION = YES;
				GCC_WARN_UNUSED_VARIABLE = YES;
				IPHONEOS_DEPLOYMENT_TARGET = 15.0;
				MTL_ENABLE_DEBUG_INFO = INCLUDE_SOURCE;
				MTL_FAST_MATH = YES;
				ONLY_ACTIVE_ARCH = YES;
				SDKROOT = iphoneos;
				SWIFT_ACTIVE_COMPILATION_CONDITIONS = DEBUG;
				SWIFT_OPTIMIZATION_LEVEL = "-Onone";
			};
			name = Debug;
		};
		53C7A25E270988FC007DB2AE /* Release */ = {
			isa = XCBuildConfiguration;
			buildSettings = {
				ALWAYS_SEARCH_USER_PATHS = NO;
				CLANG_ANALYZER_NONNULL = YES;
				CLANG_ANALYZER_NUMBER_OBJECT_CONVERSION = YES_AGGRESSIVE;
				CLANG_CXX_LANGUAGE_STANDARD = "gnu++17";
				CLANG_CXX_LIBRARY = "libc++";
				CLANG_ENABLE_MODULES = YES;
				CLANG_ENABLE_OBJC_ARC = YES;
				CLANG_ENABLE_OBJC_WEAK = YES;
				CLANG_WARN_BLOCK_CAPTURE_AUTORELEASING = YES;
				CLANG_WARN_BOOL_CONVERSION = YES;
				CLANG_WARN_COMMA = YES;
				CLANG_WARN_CONSTANT_CONVERSION = YES;
				CLANG_WARN_DEPRECATED_OBJC_IMPLEMENTATIONS = YES;
				CLANG_WARN_DIRECT_OBJC_ISA_USAGE = YES_ERROR;
				CLANG_WARN_DOCUMENTATION_COMMENTS = YES;
				CLANG_WARN_EMPTY_BODY = YES;
				CLANG_WARN_ENUM_CONVERSION = YES;
				CLANG_WARN_INFINITE_RECURSION = YES;
				CLANG_WARN_INT_CONVERSION = YES;
				CLANG_WARN_NON_LITERAL_NULL_CONVERSION = YES;
				CLANG_WARN_OBJC_IMPLICIT_RETAIN_SELF = YES;
				CLANG_WARN_OBJC_LITERAL_CONVERSION = YES;
				CLANG_WARN_OBJC_ROOT_CLASS = YES_ERROR;
				CLANG_WARN_QUOTED_INCLUDE_IN_FRAMEWORK_HEADER = YES;
				CLANG_WARN_RANGE_LOOP_ANALYSIS = YES;
				CLANG_WARN_STRICT_PROTOTYPES = YES;
				CLANG_WARN_SUSPICIOUS_MOVE = YES;
				CLANG_WARN_UNGUARDED_AVAILABILITY = YES_AGGRESSIVE;
				CLANG_WARN_UNREACHABLE_CODE = YES;
				CLANG_WARN__DUPLICATE_METHOD_MATCH = YES;
				COPY_PHASE_STRIP = NO;
				DEBUG_INFORMATION_FORMAT = "dwarf-with-dsym";
				ENABLE_NS_ASSERTIONS = NO;
				ENABLE_STRICT_OBJC_MSGSEND = YES;
				GCC_C_LANGUAGE_STANDARD = gnu11;
				GCC_NO_COMMON_BLOCKS = YES;
				GCC_WARN_64_TO_32_BIT_CONVERSION = YES;
				GCC_WARN_ABOUT_RETURN_TYPE = YES_ERROR;
				GCC_WARN_UNDECLARED_SELECTOR = YES;
				GCC_WARN_UNINITIALIZED_AUTOS = YES_AGGRESSIVE;
				GCC_WARN_UNUSED_FUNCTION = YES;
				GCC_WARN_UNUSED_VARIABLE = YES;
				IPHONEOS_DEPLOYMENT_TARGET = 15.0;
				MTL_ENABLE_DEBUG_INFO = NO;
				MTL_FAST_MATH = YES;
				SDKROOT = iphoneos;
				SWIFT_COMPILATION_MODE = wholemodule;
				SWIFT_OPTIMIZATION_LEVEL = "-O";
				VALIDATE_PRODUCT = YES;
			};
			name = Release;
		};
		53C7A260270988FC007DB2AE /* Debug */ = {
			isa = XCBuildConfiguration;
			buildSettings = {
				ASSETCATALOG_COMPILER_APPICON_NAME = AppIcon;
				ASSETCATALOG_COMPILER_GLOBAL_ACCENT_COLOR_NAME = AccentColor;
				CODE_SIGN_STYLE = Automatic;
				CURRENT_PROJECT_VERSION = 1;
				DEVELOPMENT_ASSET_PATHS = "\"HouseParty/Preview Content\"";
				DEVELOPMENT_TEAM = 3PFHMAB3X6;
				ENABLE_PREVIEWS = YES;
				GENERATE_INFOPLIST_FILE = YES;
				INFOPLIST_KEY_UIApplicationSceneManifest_Generation = YES;
				INFOPLIST_KEY_UIApplicationSupportsIndirectInputEvents = YES;
				INFOPLIST_KEY_UILaunchScreen_Generation = YES;
				INFOPLIST_KEY_UILaunchStoryboardName = LaunchScreen;
				INFOPLIST_KEY_UISupportedInterfaceOrientations_iPad = "UIInterfaceOrientationPortrait UIInterfaceOrientationPortraitUpsideDown UIInterfaceOrientationLandscapeLeft UIInterfaceOrientationLandscapeRight";
				INFOPLIST_KEY_UISupportedInterfaceOrientations_iPhone = "UIInterfaceOrientationPortrait UIInterfaceOrientationLandscapeLeft UIInterfaceOrientationLandscapeRight";
				IPHONEOS_DEPLOYMENT_TARGET = 15.0;
				LD_RUNPATH_SEARCH_PATHS = (
					"$(inherited)",
					"@executable_path/Frameworks",
				);
				MARKETING_VERSION = 1.0;
				PRODUCT_BUNDLE_IDENTIFIER = ics466.HouseParty;
				PRODUCT_NAME = "$(TARGET_NAME)";
				SWIFT_EMIT_LOC_STRINGS = YES;
				SWIFT_VERSION = 5.0;
				TARGETED_DEVICE_FAMILY = "1,2";
			};
			name = Debug;
		};
		53C7A261270988FC007DB2AE /* Release */ = {
			isa = XCBuildConfiguration;
			buildSettings = {
				ASSETCATALOG_COMPILER_APPICON_NAME = AppIcon;
				ASSETCATALOG_COMPILER_GLOBAL_ACCENT_COLOR_NAME = AccentColor;
				CODE_SIGN_STYLE = Automatic;
				CURRENT_PROJECT_VERSION = 1;
				DEVELOPMENT_ASSET_PATHS = "\"HouseParty/Preview Content\"";
				DEVELOPMENT_TEAM = 3PFHMAB3X6;
				ENABLE_PREVIEWS = YES;
				GENERATE_INFOPLIST_FILE = YES;
				INFOPLIST_KEY_UIApplicationSceneManifest_Generation = YES;
				INFOPLIST_KEY_UIApplicationSupportsIndirectInputEvents = YES;
				INFOPLIST_KEY_UILaunchScreen_Generation = YES;
				INFOPLIST_KEY_UILaunchStoryboardName = LaunchScreen;
				INFOPLIST_KEY_UISupportedInterfaceOrientations_iPad = "UIInterfaceOrientationPortrait UIInterfaceOrientationPortraitUpsideDown UIInterfaceOrientationLandscapeLeft UIInterfaceOrientationLandscapeRight";
				INFOPLIST_KEY_UISupportedInterfaceOrientations_iPhone = "UIInterfaceOrientationPortrait UIInterfaceOrientationLandscapeLeft UIInterfaceOrientationLandscapeRight";
				IPHONEOS_DEPLOYMENT_TARGET = 15.0;
				LD_RUNPATH_SEARCH_PATHS = (
					"$(inherited)",
					"@executable_path/Frameworks",
				);
				MARKETING_VERSION = 1.0;
				PRODUCT_BUNDLE_IDENTIFIER = ics466.HouseParty;
				PRODUCT_NAME = "$(TARGET_NAME)";
				SWIFT_EMIT_LOC_STRINGS = YES;
				SWIFT_VERSION = 5.0;
				TARGETED_DEVICE_FAMILY = "1,2";
			};
			name = Release;
		};
		53C7A263270988FC007DB2AE /* Debug */ = {
			isa = XCBuildConfiguration;
			buildSettings = {
				ALWAYS_EMBED_SWIFT_STANDARD_LIBRARIES = YES;
				BUNDLE_LOADER = "$(TEST_HOST)";
				CODE_SIGN_STYLE = Automatic;
				CURRENT_PROJECT_VERSION = 1;
				DEVELOPMENT_TEAM = 3PFHMAB3X6;
				GENERATE_INFOPLIST_FILE = YES;
				IPHONEOS_DEPLOYMENT_TARGET = 15.0;
				LD_RUNPATH_SEARCH_PATHS = (
					"$(inherited)",
					"@executable_path/Frameworks",
					"@loader_path/Frameworks",
				);
				MARKETING_VERSION = 1.0;
				PRODUCT_BUNDLE_IDENTIFIER = ics466.HousePartyTests;
				PRODUCT_NAME = "$(TARGET_NAME)";
				SWIFT_EMIT_LOC_STRINGS = NO;
				SWIFT_VERSION = 5.0;
				TARGETED_DEVICE_FAMILY = "1,2";
				TEST_HOST = "$(BUILT_PRODUCTS_DIR)/HouseParty.app/HouseParty";
			};
			name = Debug;
		};
		53C7A264270988FC007DB2AE /* Release */ = {
			isa = XCBuildConfiguration;
			buildSettings = {
				ALWAYS_EMBED_SWIFT_STANDARD_LIBRARIES = YES;
				BUNDLE_LOADER = "$(TEST_HOST)";
				CODE_SIGN_STYLE = Automatic;
				CURRENT_PROJECT_VERSION = 1;
				DEVELOPMENT_TEAM = 3PFHMAB3X6;
				GENERATE_INFOPLIST_FILE = YES;
				IPHONEOS_DEPLOYMENT_TARGET = 15.0;
				LD_RUNPATH_SEARCH_PATHS = (
					"$(inherited)",
					"@executable_path/Frameworks",
					"@loader_path/Frameworks",
				);
				MARKETING_VERSION = 1.0;
				PRODUCT_BUNDLE_IDENTIFIER = ics466.HousePartyTests;
				PRODUCT_NAME = "$(TARGET_NAME)";
				SWIFT_EMIT_LOC_STRINGS = NO;
				SWIFT_VERSION = 5.0;
				TARGETED_DEVICE_FAMILY = "1,2";
				TEST_HOST = "$(BUILT_PRODUCTS_DIR)/HouseParty.app/HouseParty";
			};
			name = Release;
		};
		53C7A266270988FC007DB2AE /* Debug */ = {
			isa = XCBuildConfiguration;
			buildSettings = {
				ALWAYS_EMBED_SWIFT_STANDARD_LIBRARIES = YES;
				CODE_SIGN_STYLE = Automatic;
				CURRENT_PROJECT_VERSION = 1;
				DEVELOPMENT_TEAM = 3PFHMAB3X6;
				GENERATE_INFOPLIST_FILE = YES;
				LD_RUNPATH_SEARCH_PATHS = (
					"$(inherited)",
					"@executable_path/Frameworks",
					"@loader_path/Frameworks",
				);
				MARKETING_VERSION = 1.0;
				PRODUCT_BUNDLE_IDENTIFIER = ics466.HousePartyUITests;
				PRODUCT_NAME = "$(TARGET_NAME)";
				SWIFT_EMIT_LOC_STRINGS = NO;
				SWIFT_VERSION = 5.0;
				TARGETED_DEVICE_FAMILY = "1,2";
				TEST_TARGET_NAME = HouseParty;
			};
			name = Debug;
		};
		53C7A267270988FC007DB2AE /* Release */ = {
			isa = XCBuildConfiguration;
			buildSettings = {
				ALWAYS_EMBED_SWIFT_STANDARD_LIBRARIES = YES;
				CODE_SIGN_STYLE = Automatic;
				CURRENT_PROJECT_VERSION = 1;
				DEVELOPMENT_TEAM = 3PFHMAB3X6;
				GENERATE_INFOPLIST_FILE = YES;
				LD_RUNPATH_SEARCH_PATHS = (
					"$(inherited)",
					"@executable_path/Frameworks",
					"@loader_path/Frameworks",
				);
				MARKETING_VERSION = 1.0;
				PRODUCT_BUNDLE_IDENTIFIER = ics466.HousePartyUITests;
				PRODUCT_NAME = "$(TARGET_NAME)";
				SWIFT_EMIT_LOC_STRINGS = NO;
				SWIFT_VERSION = 5.0;
				TARGETED_DEVICE_FAMILY = "1,2";
				TEST_TARGET_NAME = HouseParty;
			};
			name = Release;
		};
/* End XCBuildConfiguration section */

/* Begin XCConfigurationList section */
		53C7A236270988FA007DB2AE /* Build configuration list for PBXProject "HouseParty" */ = {
			isa = XCConfigurationList;
			buildConfigurations = (
				53C7A25D270988FC007DB2AE /* Debug */,
				53C7A25E270988FC007DB2AE /* Release */,
			);
			defaultConfigurationIsVisible = 0;
			defaultConfigurationName = Release;
		};
		53C7A25F270988FC007DB2AE /* Build configuration list for PBXNativeTarget "HouseParty" */ = {
			isa = XCConfigurationList;
			buildConfigurations = (
				53C7A260270988FC007DB2AE /* Debug */,
				53C7A261270988FC007DB2AE /* Release */,
			);
			defaultConfigurationIsVisible = 0;
			defaultConfigurationName = Release;
		};
		53C7A262270988FC007DB2AE /* Build configuration list for PBXNativeTarget "HousePartyTests" */ = {
			isa = XCConfigurationList;
			buildConfigurations = (
				53C7A263270988FC007DB2AE /* Debug */,
				53C7A264270988FC007DB2AE /* Release */,
			);
			defaultConfigurationIsVisible = 0;
			defaultConfigurationName = Release;
		};
		53C7A265270988FC007DB2AE /* Build configuration list for PBXNativeTarget "HousePartyUITests" */ = {
			isa = XCConfigurationList;
			buildConfigurations = (
				53C7A266270988FC007DB2AE /* Debug */,
				53C7A267270988FC007DB2AE /* Release */,
			);
			defaultConfigurationIsVisible = 0;
			defaultConfigurationName = Release;
		};
/* End XCConfigurationList section */
	};
	rootObject = 53C7A233270988FA007DB2AE /* Project object */;
}
